
Microsoft Visual Studio Solution File, Format Version 12.00
# Visual Studio Version 17
VisualStudioVersion = 17.0.32126.317
MinimumVisualStudioVersion = 10.0.40219.1
Project("{FAE04EC0-301F-11D3-BF4B-00C04F79EFBC}") = "WpfApp2", "WpfApp2\WpfApp2.csproj", "{20364622-896C-4311-918D-C40F5B41D239}"
EndProject
Global
	GlobalSection(SolutionConfigurationPlatforms) = preSolution
		Debug|Any CPU = Debug|Any CPU
		Release|Any CPU = Release|Any CPU
	EndGlobalSection
	GlobalSection(ProjectConfigurationPlatforms) = postSolution
		{20364622-896C-4311-918D-C40F5B41D239}.Debug|Any CPU.ActiveCfg = Debug|Any CPU
		{20364622-896C-4311-918D-C40F5B41D239}.Debug|Any CPU.Build.0 = Debug|Any CPU
		{20364622-896C-4311-918D-C40F5B41D239}.Release|Any CPU.ActiveCfg = Release|Any CPU
		{20364622-896C-4311-918D-C40F5B41D239}.Release|Any CPU.Build.0 = Release|Any CPU
	EndGlobalSection
	GlobalSection(SolutionProperties) = preSolution
		HideSolutionNode = FALSE
	EndGlobalSection
	GlobalSection(ExtensibilityGlobals) = postSolution
		SolutionGuid = {9C1EDF04-25D0-4F48-A674-D117465E2891}
	EndGlobalSection
EndGlobal
