
Microsoft Visual Studio Solution File, Format Version 12.00
# Visual Studio Version 17
VisualStudioVersion = 17.0.32126.317
MinimumVisualStudioVersion = 10.0.40219.1
Project("{FAE04EC0-301F-11D3-BF4B-00C04F79EFBC}") = "ConsoleApp1", "ConsoleApp1\ConsoleApp1.csproj", "{4E176C3E-5825-4CCD-8C24-D50A5E999FB4}"
EndProject
Global
	GlobalSection(SolutionConfigurationPlatforms) = preSolution
		Debug|Any CPU = Debug|Any CPU
		Release|Any CPU = Release|Any CPU
	EndGlobalSection
	GlobalSection(ProjectConfigurationPlatforms) = postSolution
		{4E176C3E-5825-4CCD-8C24-D50A5E999FB4}.Debug|Any CPU.ActiveCfg = Debug|Any CPU
		{4E176C3E-5825-4CCD-8C24-D50A5E999FB4}.Debug|Any CPU.Build.0 = Debug|Any CPU
		{4E176C3E-5825-4CCD-8C24-D50A5E999FB4}.Release|Any CPU.ActiveCfg = Release|Any CPU
		{4E176C3E-5825-4CCD-8C24-D50A5E999FB4}.Release|Any CPU.Build.0 = Release|Any CPU
	EndGlobalSection
	GlobalSection(SolutionProperties) = preSolution
		HideSolutionNode = FALSE
	EndGlobalSection
	GlobalSection(ExtensibilityGlobals) = postSolution
		SolutionGuid = {E3EFD1E5-74A9-4948-BACC-4B3F8333764F}
	EndGlobalSection
EndGlobal
